{
  "name": "analisador-de-estruturas",
  "version": "1.0.0",
  "lockfileVersion": 3,
  "requires": true,
  "packages": {
    "": {
      "name": "analisador-de-estruturas",
      "version": "1.0.0",
      "license": "ISC",
      "dependencies": {
        "konva": "^10.3.0"
      }
    },
    "node_modules/konva": {
      "version": "10.3.0",
      "resolved": "https://registry.npmjs.org/konva/-/konva-10.3.0.tgz",
      "integrity": "sha512-gt19K2gzY4lHbnkvsku7eSmB+A9PTS2jG4F9coBMsdjM1UKfJNxJbDbXVpeCW1wjEGRwBD3nBamcHnqJhAeKlg==",
      "funding": [
        {
          "type": "patreon",
          "url": "https://www.patreon.com/lavrton"
        },
        {
          "type": "opencollective",
          "url": "https://opencollective.com/konva"
        },
        {
          "type": "github",
          "url": "https://github.com/sponsors/lavrton"
        }
      ],
      "license": "MIT"
    }
  }
}
